
Microsoft Visual Studio Solution File, Format Version 12.00
# Visual Studio Version 17
VisualStudioVersion = 17.6.33712.159
MinimumVisualStudioVersion = 10.0.40219.1
Project("{FAE04EC0-301F-11D3-BF4B-00C04F79EFBC}") = "MitraKarimi", "MitraKarimi\MitraKarimi.csproj", "{0D077873-3ED7-439F-89DD-CC31D53BC771}"
EndProject
Global
	GlobalSection(SolutionConfigurationPlatforms) = preSolution
		Debug|Any CPU = Debug|Any CPU
		Release|Any CPU = Release|Any CPU
	EndGlobalSection
	GlobalSection(ProjectConfigurationPlatforms) = postSolution
		{0D077873-3ED7-439F-89DD-CC31D53BC771}.Debug|Any CPU.ActiveCfg = Debug|Any CPU
		{0D077873-3ED7-439F-89DD-CC31D53BC771}.Debug|Any CPU.Build.0 = Debug|Any CPU
		{0D077873-3ED7-439F-89DD-CC31D53BC771}.Release|Any CPU.ActiveCfg = Release|Any CPU
		{0D077873-3ED7-439F-89DD-CC31D53BC771}.Release|Any CPU.Build.0 = Release|Any CPU
	EndGlobalSection
	GlobalSection(SolutionProperties) = preSolution
		HideSolutionNode = FALSE
	EndGlobalSection
	GlobalSection(ExtensibilityGlobals) = postSolution
		SolutionGuid = {8B9D4191-1901-4F9E-AF12-F87E8741E53F}
	EndGlobalSection
EndGlobal
